[[package]]
category = "dev"
description = "Python graph (network) package"
name = "altgraph"
optional = false
python-versions = "*"
version = "0.16.1"

[[package]]
category = "main"
description = "A small Python module for determining appropriate platform-specific dirs, e.g. a \"user data dir\"."
name = "appdirs"
optional = false
python-versions = "*"
version = "1.4.3"

[[package]]
category = "dev"
description = "Atomic file writes."
name = "atomicwrites"
optional = false
python-versions = ">=2.7, !=3.0.*, !=3.1.*, !=3.2.*, !=3.3.*"
version = "1.3.0"

[[package]]
category = "main"
description = "Classes Without Boilerplate"
name = "attrs"
optional = false
python-versions = "*"
version = "18.2.0"

[[package]]
category = "dev"
description = "Python package for providing Mozilla's CA Bundle."
name = "certifi"
optional = false
python-versions = "*"
version = "2019.3.9"

[[package]]
category = "dev"
description = "Universal encoding detector for Python 2 and 3"
name = "chardet"
optional = false
python-versions = "*"
version = "3.0.4"

[[package]]
category = "main"
description = "Composable command line interface toolkit"
name = "click"
optional = false
python-versions = ">=2.7, !=3.0.*, !=3.1.*, !=3.2.*, !=3.3.*"
version = "7.0"

[[package]]
category = "dev"
description = "Hosted coverage reports for Github, Bitbucket and Gitlab"
name = "codecov"
optional = false
python-versions = "*"
version = "2.0.15"

[package.dependencies]
coverage = "*"
requests = ">=2.7.9"

[[package]]
category = "dev"
description = "Cross-platform colored terminal text."
marker = "sys_platform == \"win32\""
name = "colorama"
optional = false
python-versions = ">=2.7, !=3.0.*, !=3.1.*, !=3.2.*, !=3.3.*"
version = "0.4.1"

[[package]]
category = "dev"
description = "Code coverage measurement for Python"
name = "coverage"
optional = false
python-versions = ">=2.6, !=3.0.*, !=3.1.*, !=3.2.*, <4"
version = "4.5.3"

[[package]]
category = "main"
description = "Composable style cycles"
name = "cycler"
optional = false
python-versions = "*"
version = "0.10.0"

[package.dependencies]
six = "*"

[[package]]
category = "dev"
description = "Create decorators easily in python."
name = "decopatch"
optional = false
python-versions = "*"
version = "1.4.1"

[package.dependencies]
makefun = ">=1.5.0"

[[package]]
category = "dev"
description = "Delayed/soft assertions for python"
name = "delayed-assert"
optional = false
python-versions = "*"
version = "0.2.3"

[[package]]
category = "dev"
description = "Clean single-source support for Python 3 and 2"
name = "future"
optional = false
python-versions = ">=2.6, !=3.0.*, !=3.1.*, !=3.2.*"
version = "0.17.1"

[[package]]
category = "dev"
description = "A library for property based testing"
name = "hypothesis"
optional = false
python-versions = ">=2.7, !=3.0.*, !=3.1.*, !=3.2.*, !=3.3.*"
version = "3.88.3"

[package.dependencies]
attrs = ">=16.0.0"

[[package]]
category = "dev"
description = "Internationalized Domain Names in Applications (IDNA)"
name = "idna"
optional = false
python-versions = ">=2.7, !=3.0.*, !=3.1.*, !=3.2.*, !=3.3.*"
version = "2.8"

[[package]]
category = "main"
description = "A fast implementation of the Cassowary constraint solver"
name = "kiwisolver"
optional = false
python-versions = "*"
version = "1.0.1"

[package.dependencies]
setuptools = "*"

[[package]]
category = "dev"
description = "Mach-O header analysis and editing"
name = "macholib"
optional = false
python-versions = "*"
version = "1.11"

[package.dependencies]
altgraph = ">=0.15"

[[package]]
category = "dev"
description = "Small library to dynamically create python functions."
name = "makefun"
optional = false
python-versions = "*"
version = "1.6.1"

[[package]]
category = "main"
description = "Python plotting package"
name = "matplotlib"
optional = false
python-versions = ">=3.5"
version = "3.0.3"

[package.dependencies]
cycler = ">=0.10"
kiwisolver = ">=1.0.1"
numpy = ">=1.10.0"
pyparsing = ">=2.0.1,<2.0.4 || >2.0.4,<2.1.2 || >2.1.2,<2.1.6 || >2.1.6"
python-dateutil = ">=2.1"

[[package]]
category = "dev"
description = "More routines for operating on iterables, beyond itertools"
marker = "python_version > \"2.7\""
name = "more-itertools"
optional = false
python-versions = ">=3.4"
version = "6.0.0"

[[package]]
category = "main"
description = "NumPy is the fundamental package for array computing with Python."
name = "numpy"
optional = false
python-versions = ">=2.7,!=3.0.*,!=3.1.*,!=3.2.*,!=3.3.*"
version = "1.16.2"

[[package]]
category = "dev"
description = "Python PE parsing module"
name = "pefile"
optional = false
python-versions = "*"
version = "2018.8.8"

[package.dependencies]
future = "*"

[[package]]
category = "dev"
description = "plugin and hook calling mechanisms for python"
name = "pluggy"
optional = false
python-versions = ">=2.7, !=3.0.*, !=3.1.*, !=3.2.*, !=3.3.*"
version = "0.9.0"

[[package]]
category = "dev"
description = "library with cross-python path, ini-parsing, io, code, log facilities"
name = "py"
optional = false
python-versions = ">=2.7, !=3.0.*, !=3.1.*, !=3.2.*, !=3.3.*"
version = "1.8.0"

[[package]]
category = "dev"
description = "PyInstaller bundles a Python application and all its dependencies into a single package."
name = "PyInstaller"
optional = false
python-versions = ">=2.7, !=3.0.*, !=3.1.*, !=3.2.*, !=3.3.*"
version = "3.5.dev0+g5bed1af2"

[package.dependencies]
altgraph = "*"
macholib = ">=1.8"
pefile = ">=2017.8.1"
setuptools = "*"

[package.source]
reference = "5bed1af275dfaeb2267af2d10a808bd29a8674f7"
type = "git"
url = "https://github.com/nyanpasu64/pyinstaller.git"

[[package]]
category = "main"
description = "Python parsing module"
name = "pyparsing"
optional = false
python-versions = "*"
version = "2.3.1"

[[package]]
category = "main"
description = "Python bindings for the Qt cross platform UI and application toolkit"
name = "pyqt5"
optional = false
python-versions = "*"
version = "5.12.1"

[package.dependencies]
PyQt5_sip = ">=4.19.14,<4.20"

[[package]]
category = "main"
description = "Python extension module support for PyQt5"
name = "pyqt5-sip"
optional = false
python-versions = "*"
version = "4.19.15"

[[package]]
category = "dev"
description = "pytest: simple powerful testing with Python"
name = "pytest"
optional = false
python-versions = ">=2.7, !=3.0.*, !=3.1.*, !=3.2.*, !=3.3.*"
version = "4.3.1"

[package.dependencies]
atomicwrites = ">=1.0"
attrs = ">=17.4.0"
colorama = "*"
pluggy = ">=0.7"
py = ">=1.5.0"
setuptools = "*"
six = ">=1.10.0"

[package.dependencies.more-itertools]
python = ">2.7"
version = ">=4.0.0"

[[package]]
category = "dev"
description = "Separate test code from test cases in pytest."
name = "pytest-cases"
optional = false
python-versions = "*"
version = "1.5.0"

[package.dependencies]
decopatch = "*"
makefun = "*"

[[package]]
category = "dev"
description = "Pytest plugin for measuring coverage."
name = "pytest-cov"
optional = false
python-versions = ">=2.7, !=3.0.*, !=3.1.*, !=3.2.*, !=3.3.*"
version = "2.6.1"

[package.dependencies]
coverage = ">=4.4"
pytest = ">=3.6"

[[package]]
category = "dev"
description = "Thin-wrapper around the mock package for easier use with py.test"
name = "pytest-mock"
optional = false
python-versions = ">=2.7, !=3.0.*, !=3.1.*, !=3.2.*, !=3.3.*"
version = "1.10.2"

[package.dependencies]
pytest = ">=2.7"

[[package]]
category = "main"
description = "Extensions to the standard Python datetime module"
name = "python-dateutil"
optional = false
python-versions = ">=2.7, !=3.0.*, !=3.1.*, !=3.2.*"
version = "2.8.0"

[package.dependencies]
six = ">=1.5"

[[package]]
category = "dev"
description = ""
marker = "sys_platform == \"win32\""
name = "pywin32-ctypes"
optional = false
python-versions = "*"
version = "0.2.0"

[[package]]
category = "dev"
description = "Python HTTP for Humans."
name = "requests"
optional = false
python-versions = ">=2.7, !=3.0.*, !=3.1.*, !=3.2.*, !=3.3.*"
version = "2.21.0"

[package.dependencies]
certifi = ">=2017.4.17"
chardet = ">=3.0.2,<3.1.0"
idna = ">=2.5,<2.9"
urllib3 = ">=1.21.1,<1.25"

[[package]]
category = "main"
description = "ruamel.yaml is a YAML parser/emitter that supports roundtrip preservation of comments, seq/map flow style, and map key order"
name = "ruamel.yaml"
optional = false
python-versions = "*"
version = "0.15.89"

[[package]]
category = "main"
description = "Python 2 and 3 compatibility utilities"
name = "six"
optional = false
python-versions = ">=2.6, !=3.0.*, !=3.1.*"
version = "1.12.0"

[[package]]
category = "dev"
description = "HTTP library with thread-safe connection pooling, file post, and more."
name = "urllib3"
optional = false
python-versions = ">=2.7, !=3.0.*, !=3.1.*, !=3.2.*, !=3.3.*, <4"
version = "1.24.1"

[metadata]
content-hash = "3c9c902939a295d7d39404c62fc7f77ffb03a6da0a10fde164af4d3543d6727e"
python-versions = "^3.6"

[metadata.hashes]
PyInstaller = []
altgraph = ["d6814989f242b2b43025cba7161fc1b8fb487a62cd49c49245d6fd01c18ac997", "ddf5320017147ba7b810198e0b6619bd7b5563aa034da388cea8546b877f9b0c"]
appdirs = ["9e5896d1372858f8dd3344faf4e5014d21849c756c8d5701f78f8a103b372d92", "d8b24664561d0d34ddfaec54636d502d7cea6e29c3eaf68f3df6180863e2166e"]
atomicwrites = ["03472c30eb2c5d1ba9227e4c2ca66ab8287fbfbbda3888aa93dc2e28fc6811b4", "75a9445bac02d8d058d5e1fe689654ba5a6556a1dfd8ce6ec55a0ed79866cfa6"]
attrs = ["10cbf6e27dbce8c30807caf056c8eb50917e0eaafe86347671b57254006c3e69", "ca4be454458f9dec299268d472aaa5a11f67a4ff70093396e1ceae9c76cf4bbb"]
certifi = ["59b7658e26ca9c7339e00f8f4636cdfe59d34fa37b9b04f6f9e9926b3cece1a5", "b26104d6835d1f5e49452a26eb2ff87fe7090b89dfcaee5ea2212697e1e1d7ae"]
chardet = ["84ab92ed1c4d4f16916e05906b6b75a6c0fb5db821cc65e70cbd64a3e2a5eaae", "fc323ffcaeaed0e0a02bf4d117757b98aed530d9ed4531e3e15460124c106691"]
click = ["2335065e6395b9e67ca716de5f7526736bfa6ceead690adf616d925bdc622b13", "5b94b49521f6456670fdb30cd82a4eca9412788a93fa6dd6df72c94d5a8ff2d7"]
codecov = ["8ed8b7c6791010d359baed66f84f061bba5bd41174bf324c31311e8737602788", "ae00d68e18d8a20e9c3288ba3875ae03db3a8e892115bf9b83ef20507732bed4"]
colorama = ["05eed71e2e327246ad6b38c540c4a3117230b19679b875190486ddd2d721422d", "f8ac84de7840f5b9c4e3347b3c1eaa50f7e49c2b07596221daec5edaabbd7c48"]
coverage = ["0c5fe441b9cfdab64719f24e9684502a59432df7570521563d7b1aff27ac755f", "2b412abc4c7d6e019ce7c27cbc229783035eef6d5401695dccba80f481be4eb3", "3684fabf6b87a369017756b551cef29e505cb155ddb892a7a29277b978da88b9", "39e088da9b284f1bd17c750ac672103779f7954ce6125fd4382134ac8d152d74", "3c205bc11cc4fcc57b761c2da73b9b72a59f8d5ca89979afb0c1c6f9e53c7390", "42692db854d13c6c5e9541b6ffe0fe921fe16c9c446358d642ccae1462582d3b", "465ce53a8c0f3a7950dfb836438442f833cf6663d407f37d8c52fe7b6e56d7e8", "48020e343fc40f72a442c8a1334284620f81295256a6b6ca6d8aa1350c763bbe", "4ec30ade438d1711562f3786bea33a9da6107414aed60a5daa974d50a8c2c351", "5296fc86ab612ec12394565c500b412a43b328b3907c0d14358950d06fd83baf", "5f61bed2f7d9b6a9ab935150a6b23d7f84b8055524e7be7715b6513f3328138e", "6899797ac384b239ce1926f3cb86ffc19996f6fa3a1efbb23cb49e0c12d8c18c", "68a43a9f9f83693ce0414d17e019daee7ab3f7113a70c79a3dd4c2f704e4d741", "6b8033d47fe22506856fe450470ccb1d8ba1ffb8463494a15cfc96392a288c09", "7ad7536066b28863e5835e8cfeaa794b7fe352d99a8cded9f43d1161be8e9fbd", "7bacb89ccf4bedb30b277e96e4cc68cd1369ca6841bde7b005191b54d3dd1034", "839dc7c36501254e14331bcb98b27002aa415e4af7ea039d9009409b9d2d5420", "8e679d1bde5e2de4a909efb071f14b472a678b788904440779d2c449c0355b27", "8f9a95b66969cdea53ec992ecea5406c5bd99c9221f539bca1e8406b200ae98c", "932c03d2d565f75961ba1d3cec41ddde00e162c5b46d03f7423edcb807734eab", "93f965415cc51604f571e491f280cff0f5be35895b4eb5e55b47ae90c02a497b", "988529edadc49039d205e0aa6ce049c5ccda4acb2d6c3c5c550c17e8c02c05ba", "998d7e73548fe395eeb294495a04d38942edb66d1fa61eb70418871bc621227e", "9de60893fb447d1e797f6bf08fdf0dbcda0c1e34c1b06c92bd3a363c0ea8c609", "9e80d45d0c7fcee54e22771db7f1b0b126fb4a6c0a2e5afa72f66827207ff2f2", "a545a3dfe5082dc8e8c3eb7f8a2cf4f2870902ff1860bd99b6198cfd1f9d1f49", "a5d8f29e5ec661143621a8f4de51adfb300d7a476224156a39a392254f70687b", "a9abc8c480e103dc05d9b332c6cc9fb1586330356fc14f1aa9c0ca5745097d19", "aca06bfba4759bbdb09bf52ebb15ae20268ee1f6747417837926fae990ebc41d", "bb23b7a6fd666e551a3094ab896a57809e010059540ad20acbeec03a154224ce", "bfd1d0ae7e292105f29d7deaa9d8f2916ed8553ab9d5f39ec65bcf5deadff3f9", "c22ab9f96cbaff05c6a84e20ec856383d27eae09e511d3e6ac4479489195861d", "c62ca0a38958f541a73cf86acdab020c2091631c137bd359c4f5bddde7b75fd4", "c709d8bda72cf4cd348ccec2a4881f2c5848fd72903c185f363d361b2737f773", "c968a6aa7e0b56ecbd28531ddf439c2ec103610d3e2bf3b75b813304f8cb7723", "ca58eba39c68010d7e87a823f22a081b5290e3e3c64714aac3c91481d8b34d22", "df785d8cb80539d0b55fd47183264b7002077859028dfe3070cf6359bf8b2d9c", "f406628ca51e0ae90ae76ea8398677a921b36f0bd71aab2099dfed08abd0322f", "f46087bbd95ebae244a0eda01a618aff11ec7a069b15a3ef8f6b520db523dcf1", "f8019c5279eb32360ca03e9fac40a12667715546eed5c5eb59eb381f2f501260", "fc5f4d209733750afd2714e9109816a29500718b32dd9a5db01c0cb3a019b96a"]
cycler = ["1d8a5ae1ff6c5cf9b93e8811e581232ad8920aeec647c37316ceac982b08cb2d", "cd7b2d1018258d7247a71425e9f26463dfb444d411c39569972f4ce586b0c9d8"]
decopatch = ["2cc63e5e0597e47197e09718ded4bb0b82e807314c0c6ea5b61280ae063a766d", "5c5591075457ce0f7e52920b90c0c0ef75c6e574a612d7b9b381a0792ce3312a"]
delayed-assert = ["02eae58d56b9b8e3a72f890b85c1eb530184e25a65689e43889d4e9995cd42e4", "ecfffa0eba4980606739475480c4722330eb44a828e3b9cfa9a4deed4104b7d1"]
future = ["67045236dcfd6816dc439556d009594abf643e5eb48992e36beac09c2ca659b8"]
hypothesis = ["21000d6c13bc7ad360f416eade493a06f2632c9c2a732e493779f8d51c08f031", "3b1aa7d49bc5f69948425d4a55b5edf4c75d79cbac72b47ab3061f55ad727b74", "76bfc9838d0b589fbc25232f46ec8ae17504f013b25d8221aa03d5368413016c"]
idna = ["c357b3f628cf53ae2c4c05627ecc484553142ca23264e593d327bcde5e9c3407", "ea8b7f6188e6fa117537c3df7da9fc686d485087abf6ac197f9c46432f7e4a3c"]
kiwisolver = ["0ee4ed8b3ae8f5f712b0aa9ebd2858b5b232f1b9a96b0943dceb34df2a223bc3", "0f7f532f3c94e99545a29f4c3f05637f4d2713e7fd91b4dd8abfc18340b86cd5", "1a078f5dd7e99317098f0e0d490257fd0349d79363e8c923d5bb76428f318421", "1aa0b55a0eb1bd3fa82e704f44fb8f16e26702af1a073cc5030eea399e617b56", "2874060b91e131ceeff00574b7c2140749c9355817a4ed498e82a4ffa308ecbc", "379d97783ba8d2934d52221c833407f20ca287b36d949b4bba6c75274bcf6363", "3b791ddf2aefc56382aadc26ea5b352e86a2921e4e85c31c1f770f527eb06ce4", "4329008a167fac233e398e8a600d1b91539dc33c5a3eadee84c0d4b04d4494fa", "45813e0873bbb679334a161b28cb9606d9665e70561fd6caa8863e279b5e464b", "53a5b27e6b5717bdc0125338a822605084054c80f382051fb945d2c0e6899a20", "574f24b9805cb1c72d02b9f7749aa0cc0b81aa82571be5201aa1453190390ae5", "66f82819ff47fa67a11540da96966fb9245504b7f496034f534b81cacf333861", "79e5fe3ccd5144ae80777e12973027bd2f4f5e3ae8eb286cabe787bed9780138", "83410258eb886f3456714eea4d4304db3a1fc8624623fc3f38a487ab36c0f653", "8b6a7b596ce1d2a6d93c3562f1178ebd3b7bb445b3b0dd33b09f9255e312a965", "9576cb63897fbfa69df60f994082c3f4b8e6adb49cccb60efb2a80a208e6f996", "95a25d9f3449046ecbe9065be8f8380c03c56081bc5d41fe0fb964aaa30b2195", "a424f048bebc4476620e77f3e4d1f282920cef9bc376ba16d0b8fe97eec87cde", "aaec1cfd94f4f3e9a25e144d5b0ed1eb8a9596ec36d7318a504d813412563a85", "acb673eecbae089ea3be3dcf75bfe45fc8d4dcdc951e27d8691887963cf421c7", "b15bc8d2c2848a4a7c04f76c9b3dc3561e95d4dabc6b4f24bfabe5fd81a0b14f", "b1c240d565e977d80c0083404c01e4d59c5772c977fae2c483f100567f50847b", "c595693de998461bcd49b8d20568c8870b3209b8ea323b2a7b0ea86d85864694", "ce3be5d520b4d2c3e5eeb4cd2ef62b9b9ab8ac6b6fedbaa0e39cdb6f50644278", "e0f910f84b35c36a3513b96d816e6442ae138862257ae18a0019d2fc67b041dc", "ea36e19ac0a483eea239320aef0bd40702404ff8c7e42179a2d9d36c5afcb55c", "efabbcd4f406b532206b8801058c8bab9e79645b9880329253ae3322b7b02cd5", "f923406e6b32c86309261b8195e24e18b6a8801df0cfc7814ac44017bfcb3939"]
macholib = ["ac02d29898cf66f27510d8f39e9112ae00590adb4a48ec57b25028d6962b1ae1", "c4180ffc6f909bf8db6cd81cff4b6f601d575568f4d5dee148c830e9851eb9db"]
makefun = ["159072bc9c9ace18b1feb0367fd1f47c7427c0aee8043b8dd2b317303f4d9e75", "62c5fffbda43bb935dd57454b1fb448f5467a5f4fa9b649e18988e791f0f137c"]
matplotlib = ["1ae6549976b6ceb6ee426272a28c0fc9715b3e3669694d560c8f661c5b39e2c5", "4d4250bf508dd07cca3b43888097f873cadb66eec6ac63dbbfb798798ec07af2", "53af2e01d7f1700ed2b64a9091bc865360c9c4032f625451c4589a826854c787", "63e498067d32d627111cd1162cae1621f1221f9d4c6a9745dd7233f29de581b6", "7169a34971e398dd58e87e173f97366fd88a3fa80852704530433eb224a8ca57", "91c54d6bb9eeaaff965656c5ea6cbdcbf780bad8462ac99b30b451548194746f", "aeef177647bb3fccfe09065481989d7dfc5ac59e9367d6a00a3481062cf651e4", "cf8ae10559a78aee0409ede1e9d4fda03895433eeafe609dd9ed67e45f552db0", "d51d0889d1c4d51c51a9822265c0494ea3e70a52bdd88358e0863daca46fa23a", "de5ccd3500247f85fe4f9fad90f80a8bd397e4f110a4c33fabf95f07403e8372", "e1d33589e32f482d0a7d1957bf473d43341115d40d33f578dad44432e47df7b7", "e8d1939262aa6b36d0c51f50a50a43a04b9618d20db31e6c0192b1463067aeef", "e918d51b1fda82a65fdf52d2f3914b2246481cc2a9cd10e223e6be6078916ff3"]
more-itertools = ["0125e8f60e9e031347105eb1682cef932f5e97d7b9a1a28d9bf00c22a5daef40", "590044e3942351a1bdb1de960b739ff4ce277960f2425ad4509446dbace8d9d1"]
numpy = ["1980f8d84548d74921685f68096911585fee393975f53797614b34d4f409b6da", "22752cd809272671b273bb86df0f505f505a12368a3a5fc0aa811c7ece4dfd5c", "23cc40313036cffd5d1873ef3ce2e949bdee0646c5d6f375bf7ee4f368db2511", "2b0b118ff547fecabc247a2668f48f48b3b1f7d63676ebc5be7352a5fd9e85a5", "3a0bd1edf64f6a911427b608a894111f9fcdb25284f724016f34a84c9a3a6ea9", "3f25f6c7b0d000017e5ac55977a3999b0b1a74491eacb3c1aa716f0e01f6dcd1", "4061c79ac2230594a7419151028e808239450e676c39e58302ad296232e3c2e8", "560ceaa24f971ab37dede7ba030fc5d8fa173305d94365f814d9523ffd5d5916", "62be044cd58da2a947b7e7b2252a10b42920df9520fc3d39f5c4c70d5460b8ba", "6c692e3879dde0b67a9dc78f9bfb6f61c666b4562fd8619632d7043fb5b691b0", "6f65e37b5a331df950ef6ff03bd4136b3c0bbcf44d4b8e99135d68a537711b5a", "7a78cc4ddb253a55971115f8320a7ce28fd23a065fc33166d601f51760eecfa9", "80a41edf64a3626e729a62df7dd278474fc1726836552b67a8c6396fd7e86760", "893f4d75255f25a7b8516feb5766c6b63c54780323b9bd4bc51cdd7efc943c73", "972ea92f9c1b54cc1c1a3d8508e326c0114aaf0f34996772a30f3f52b73b942f", "9f1d4865436f794accdabadc57a8395bd3faa755449b4f65b88b7df65ae05f89", "9f4cd7832b35e736b739be03b55875706c8c3e5fe334a06210f1a61e5c2c8ca5", "adab43bf657488300d3aeeb8030d7f024fcc86e3a9b8848741ea2ea903e56610", "bd2834d496ba9b1bdda3a6cf3de4dc0d4a0e7be306335940402ec95132ad063d", "d20c0360940f30003a23c0adae2fe50a0a04f3e48dc05c298493b51fd6280197", "d3b3ed87061d2314ff3659bb73896e622252da52558f2380f12c421fbdee3d89", "dc235bf29a406dfda5790d01b998a1c01d7d37f449128c0b1b7d1c89a84fae8b", "fb3c83554f39f48f3fa3123b9c24aecf681b1c289f9334f8215c1d3c8e2f6e5b"]
pefile = ["4c5b7e2de0c8cb6c504592167acf83115cbbde01fe4a507c16a1422850e86cd6"]
pluggy = ["19ecf9ce9db2fce065a7a0586e07cfb4ac8614fe96edf628a264b1c70116cf8f", "84d306a647cc805219916e62aab89caa97a33a1dd8c342e87a37f91073cd4746"]
py = ["64f65755aee5b381cea27766a3a147c3f15b9b6b9ac88676de66ba2ae36793fa", "dc639b046a6e2cff5bbe40194ad65936d6ba360b52b3c3fe1d08a82dd50b5e53"]
pyparsing = ["66c9268862641abcac4a96ba74506e594c884e3f57690a696d21ad8210ed667a", "f6c5ef0d7480ad048c054c37632c67fca55299990fff127850181659eea33fc3"]
pyqt5 = ["020e8771ad66429587d3db6cceb028be3435e2c65f417dcc8e3b3e644b6ab1d7", "399fd9c3b3786210d9d2a86bc73255cc03c997b454480b7c0daf3e1a09e1ab58", "c0565737d1d5fd40a7e14b6692bfec1f1e1f0be082ae70d1776c44561980e3c4", "d4e88208dfd017636e4b1f407990d0c3b6cf47afed6be4f2fb6ca887ef513e4b"]
pyqt5-sip = ["0aed4266e52f4d11947439d9df8c57d4578e92258ad0d70645f9f69b627b35c7", "15750a4a3718c68ba662eede7310612aedad70c9727497908bf2eeddd255d16f", "2071265b7a603354b624b6cfae4ea032719e341799fb925961fd192f328fd203", "31a59f76168df007b480b9382256c20f8898c642e1394df2990559f0f6389f66", "39ce455bf5be5c1b20db10d840a536f70c3454be3baa7adca22f67ed90507853", "5d8a4b8e75fa6c9f837ea92793f1aeacbf3929f1d11cdf36f9604c1876182aca", "6bf9bacac776257390dd3f8a703d12c8228e4eb1aa0b191f1550965f44e4c23a", "87a76841e07e6dae5df34dded427708b5ea8d605c017e0bb6e56a7354959271e", "9f0ad4198f2657da9d59a393c266959362c517445cace842051e5ad564fa8fb0", "cbb0f24e3bfa1403bf3a05f30066d4457509aa411d6c6823d02b0508b787b8ea", "d38d379fa4f5c86a8ea92b8fab42748f37de093d21a25c34b2339eb2764ee5d5", "f24413d34707525a0fe1448b9574089242b9baa7c604ae5714abef9ad1749839"]
pytest = ["592eaa2c33fae68c7d75aacf042efc9f77b27c08a6224a4f59beab8d9a420523", "ad3ad5c450284819ecde191a654c09b0ec72257a2c711b9633d677c71c9850c4"]
pytest-cases = ["b40605925e0555db7fe227c60ba142a16a86321430f35a10b8e75e8894f273ec", "e0ecf8e29387d47e974aef32c99a0b2a02bcc289f13410996376b8b91edc8bde"]
pytest-cov = ["0ab664b25c6aa9716cbf203b17ddb301932383046082c081b9848a0edf5add33", "230ef817450ab0699c6cc3c9c8f7a829c34674456f2ed8df1fe1d39780f7c87f"]
pytest-mock = ["3cbae151d5885bb7565ba5a1e6e44cc3d6f72f44de3be21a11a587e2d5f9155f", "cbec53e7cb0f2b57275220cb4f2822093ac89e486095555105ffe1a4e2f11df4"]
python-dateutil = ["7e6584c74aeed623791615e26efd690f29817a27c73085b78e4bad02493df2fb", "c89805f6f4d64db21ed966fda138f8a5ed7a4fdbc1a8ee329ce1b74e3c74da9e"]
pywin32-ctypes = ["24ffc3b341d457d48e8922352130cf2644024a4ff09762a2261fd34c36ee5942", "9dc2d991b3479cc2df15930958b674a48a227d5361d413827a4cfd0b5876fc98"]
requests = ["502a824f31acdacb3a35b6690b5fbf0bc41d63a24a45c4004352b0242707598e", "7bf2a778576d825600030a110f3c0e3e8edc51dfaafe1c146e39a2027784957b"]
"ruamel.yaml" = ["0ae64b150ec39667ce2815227271207d27a6218bc501b73e70a7403f2cf987ee", "0e6aa488ec65fcaf7cca609d83a2b0e13d429a6080dd6ef3fd89dcbf67f13c1d", "1085219e373381c8a4ac911be2f167d2c67485af82199db0abee11cfe06283d5", "181aeecf6d037e34c325c191b0a14188921964dd02c34a4d01bf7881060c22d0", "1bafe5773c559ef8e06d53f35bfcaad0510ef069db8b3fb50bf9816b3c531633", "20bc4549b86f7e5a558c06e51c97821d8b7658d4b01d3e21713a53db6f45779a", "325b5b1df1b29ecaaa3dab6745ee0a35d51e58aa19b90cab8ba11c498d438cb7", "3e89d657a11fee61120d304efcab92409ea4a21c9629626cbb7aabbac7b713d9", "551142c578813ee25e4952dda820701f0201d0292e8807e8fb5490d19bab8181", "6d8bf658b64ebeccb67bccccd01833cdbe5369c1436365d41052d23e5cbf716f", "76aadb21b3186599057c8874104c8467270307e12faed124dc5ee1cfcd4e240f", "86d034aa9e2ab3eacc5f75f5cd6a469a2af533b6d9e60ea92edbba540d21b9b7", "aa4bfa597c58f2efcae98add337ada85ded45288936a15ddc2d29ff3f5ce3ddf", "b76a4cf08e9392765cf6a25eae63a12fb27c6cc4a8ee5416a49cd54627151f46", "bd9976f13d14f6cb6da1748c7678198b6f9346cbbe0ad18eb74c024a7a2c0d08", "c3c1af293b9e6a84b5da3954f4ae81b30d07a626717cfb6f099ffe0901ff1eac", "c64ae6da2da174fce281a088d7634c6e545db5fb989a3cecec2aa9cef2634a92", "ca742877ea6948cb80c70aaf5d76011694eb072d98264a704b04ffc2d4c0d440", "cfefc391d5a3a7e8b1c6195f364d2f11f898f07eef277ef8e93a4e3ccafbd7c2", "f004249eb8b873c4f48361dc814450e47dab53b5312334cff0a9d381a4589f03", "fc6a2b2f4453944ab8bbe4d6d2eba0c864c098baa8487b08e4340a93a1f811c7", "fffc4dd4097451c0ae1c6cb89bbff1a8248fda6366adb08d1c7bbc4ea2e6a637"]
six = ["3350809f0555b11f552448330d0b52d5f24c91a322ea4a15ef22629740f3761c", "d16a0141ec1a18405cd4ce8b4613101da75da0e9a7aec5bdd4fa804d0e0eba73"]
urllib3 = ["61bf29cada3fc2fbefad4fdf059ea4bd1b4a86d2b6d15e1c7c0b582b9752fe39", "de9529817c93f27c8ccbfead6985011db27bd0ddfcdb2d86f3f663385c6a9c22"]
