[[package]]
category = "dev"
description = "Python graph (network) package"
name = "altgraph"
optional = false
python-versions = "*"
version = "0.17"

[[package]]
category = "main"
description = "A small Python module for determining appropriate platform-specific dirs, e.g. a \"user data dir\"."
name = "appdirs"
optional = false
python-versions = "*"
version = "1.4.3"

[[package]]
category = "dev"
description = "Atomic file writes."
name = "atomicwrites"
optional = false
python-versions = ">=2.7, !=3.0.*, !=3.1.*, !=3.2.*, !=3.3.*"
version = "1.3.0"

[[package]]
category = "main"
description = "Classes Without Boilerplate"
name = "attrs"
optional = false
python-versions = "*"
version = "18.2.0"

[package.extras]
dev = ["coverage", "hypothesis", "pympler", "pytest", "six", "zope.interface", "sphinx", "zope.interface", "pre-commit"]
docs = ["sphinx", "zope.interface"]
tests = ["coverage", "hypothesis", "pympler", "pytest", "six", "zope.interface"]

[[package]]
category = "dev"
description = "The uncompromising code formatter."
name = "black"
optional = false
python-versions = ">=3.6"
version = "18.9b0"

[package.dependencies]
appdirs = "*"
attrs = ">=17.4.0"
click = ">=6.5"
toml = ">=0.9.4"

[package.extras]
d = ["aiohttp (>=3.3.2)"]

[[package]]
category = "dev"
description = "Python package for providing Mozilla's CA Bundle."
name = "certifi"
optional = false
python-versions = "*"
version = "2019.3.9"

[[package]]
category = "dev"
description = "Universal encoding detector for Python 2 and 3"
name = "chardet"
optional = false
python-versions = "*"
version = "3.0.4"

[[package]]
category = "main"
description = "Composable command line interface toolkit"
name = "click"
optional = false
python-versions = ">=2.7, !=3.0.*, !=3.1.*, !=3.2.*, !=3.3.*"
version = "7.0"

[[package]]
category = "dev"
description = "Hosted coverage reports for Github, Bitbucket and Gitlab"
name = "codecov"
optional = false
python-versions = "*"
version = "2.0.15"

[package.dependencies]
coverage = "*"
requests = ">=2.7.9"

[[package]]
category = "dev"
description = "Cross-platform colored terminal text."
marker = "sys_platform == \"win32\""
name = "colorama"
optional = false
python-versions = ">=2.7, !=3.0.*, !=3.1.*, !=3.2.*, !=3.3.*"
version = "0.4.1"

[[package]]
category = "dev"
description = "A powerful, accurate, and easy-to-use Python library for doing colorspace conversions"
name = "colorspacious"
optional = false
python-versions = "*"
version = "1.1.2"

[package.dependencies]
numpy = "*"

[[package]]
category = "dev"
description = "Code coverage measurement for Python"
name = "coverage"
optional = false
python-versions = ">=2.6, !=3.0.*, !=3.1.*, !=3.2.*, <4"
version = "4.5.3"

[[package]]
category = "main"
description = "Composable style cycles"
name = "cycler"
optional = false
python-versions = "*"
version = "0.10.0"

[package.dependencies]
six = "*"

[[package]]
category = "dev"
description = "Create decorators easily in python."
name = "decopatch"
optional = false
python-versions = "*"
version = "1.4.5"

[package.dependencies]
makefun = ">=1.5.0"

[[package]]
category = "dev"
description = "Delayed/soft assertions for python"
name = "delayed-assert"
optional = false
python-versions = "*"
version = "0.2.3"

[[package]]
category = "dev"
description = "Python 2.7 backport of the \"dis\" module from Python 3.5+"
name = "dis3"
optional = false
python-versions = "*"
version = "0.1.3"

[[package]]
category = "dev"
description = "Clean single-source support for Python 3 and 2"
marker = "sys_platform == \"win32\""
name = "future"
optional = false
python-versions = ">=2.6, !=3.0.*, !=3.1.*, !=3.2.*"
version = "0.18.2"

[[package]]
category = "dev"
description = "A library for property based testing"
name = "hypothesis"
optional = false
python-versions = ">=2.7, !=3.0.*, !=3.1.*, !=3.2.*, !=3.3.*"
version = "3.88.3"

[package.dependencies]
attrs = ">=16.0.0"

[package.extras]
all = ["Faker (>=0.7)", "django (>=1.11)", "dpcontracts (>=0.4)", "numpy (>=1.9.0)", "pandas (>=0.19)", "pytest (>=3.0)", "python-dateutil (>=1.4)", "pytz (>=2014.1)", "pytz"]
datetime = ["pytz (>=2014.1)"]
dateutil = ["python-dateutil (>=1.4)"]
django = ["django (>=1.11)", "pytz"]
dpcontracts = ["dpcontracts (>=0.4)"]
fakefactory = ["Faker (>=0.7)"]
faker = ["Faker (>=0.7)"]
numpy = ["numpy (>=1.9.0)"]
pandas = ["pandas (>=0.19)"]
pytest = ["pytest (>=3.0)"]
pytz = ["pytz (>=2014.1)"]

[[package]]
category = "dev"
description = "Internationalized Domain Names in Applications (IDNA)"
name = "idna"
optional = false
python-versions = ">=2.7, !=3.0.*, !=3.1.*, !=3.2.*, !=3.3.*"
version = "2.8"

[[package]]
category = "dev"
description = "Read metadata from Python packages"
name = "importlib-metadata"
optional = false
python-versions = ">=2.7,!=3.0,!=3.1,!=3.2,!=3.3"
version = "0.18"

[package.dependencies]
zipp = ">=0.5"

[package.extras]
docs = ["sphinx", "docutils (0.12)", "rst.linker"]

[[package]]
category = "main"
description = "A fast implementation of the Cassowary constraint solver"
name = "kiwisolver"
optional = false
python-versions = ">=2.7, !=3.0.*, !=3.1.*, !=3.2.*, !=3.3.*"
version = "1.1.0"

[package.dependencies]
setuptools = "*"

[[package]]
category = "dev"
description = "Small library to dynamically create python functions."
name = "makefun"
optional = false
python-versions = "*"
version = "1.6.8"

[[package]]
category = "main"
description = "Python plotting package"
name = "matplotlib"
optional = false
python-versions = ">=3.6"
version = "3.1.0"

[package.dependencies]
cycler = ">=0.10"
kiwisolver = ">=1.0.1"
numpy = ">=1.11"
pyparsing = ">=2.0.1,<2.0.4 || >2.0.4,<2.1.2 || >2.1.2,<2.1.6 || >2.1.6"
python-dateutil = ">=2.1"

[[package]]
category = "dev"
description = "More routines for operating on iterables, beyond itertools"
marker = "python_version > \"2.7\""
name = "more-itertools"
optional = false
python-versions = ">=3.4"
version = "7.0.0"

[[package]]
category = "main"
description = "NumPy is the fundamental package for array computing with Python."
name = "numpy"
optional = false
python-versions = ">=2.7,!=3.0.*,!=3.1.*,!=3.2.*,!=3.3.*"
version = "1.16.4"

[[package]]
category = "dev"
description = "Core utilities for Python packages"
name = "packaging"
optional = false
python-versions = ">=2.7, !=3.0.*, !=3.1.*, !=3.2.*, !=3.3.*"
version = "19.0"

[package.dependencies]
pyparsing = ">=2.0.2"
six = "*"

[[package]]
category = "dev"
description = "Python PE parsing module"
marker = "sys_platform == \"win32\""
name = "pefile"
optional = false
python-versions = "*"
version = "2019.4.18"

[package.dependencies]
future = "*"

[[package]]
category = "dev"
description = "plugin and hook calling mechanisms for python"
name = "pluggy"
optional = false
python-versions = ">=2.7, !=3.0.*, !=3.1.*, !=3.2.*, !=3.3.*"
version = "0.12.0"

[package.dependencies]
importlib-metadata = ">=0.12"

[package.extras]
dev = ["pre-commit", "tox"]

[[package]]
category = "dev"
description = "library with cross-python path, ini-parsing, io, code, log facilities"
name = "py"
optional = false
python-versions = ">=2.7, !=3.0.*, !=3.1.*, !=3.2.*, !=3.3.*"
version = "1.8.0"

[[package]]
category = "dev"
description = "PyInstaller bundles a Python application and all its dependencies into a single package."
name = "pyinstaller"
optional = false
python-versions = ">=2.7, !=3.0.*, !=3.1.*, !=3.2.*, !=3.3.*, !=3.4.*"
version = "3.6"

[package.dependencies]
altgraph = "*"
dis3 = "*"
setuptools = "*"

[[package]]
category = "main"
description = "Python parsing module"
name = "pyparsing"
optional = false
python-versions = ">=2.6, !=3.0.*, !=3.1.*, !=3.2.*"
version = "2.4.0"

[[package]]
category = "main"
description = "Python bindings for the Qt cross platform UI and application toolkit"
name = "pyqt5"
optional = false
python-versions = "*"
version = "5.12.2"

[package.dependencies]
PyQt5_sip = ">=4.19.14,<13"

[[package]]
category = "main"
description = "The sip module support for PyQt5"
name = "pyqt5-sip"
optional = false
python-versions = ">=3.5"
version = "12.7.0"

[[package]]
category = "dev"
description = "pytest: simple powerful testing with Python"
name = "pytest"
optional = false
python-versions = ">=2.7, !=3.0.*, !=3.1.*, !=3.2.*, !=3.3.*"
version = "4.6.3"

[package.dependencies]
atomicwrites = ">=1.0"
attrs = ">=17.4.0"
colorama = "*"
importlib-metadata = ">=0.12"
packaging = "*"
pluggy = ">=0.12,<1.0"
py = ">=1.5.0"
six = ">=1.10.0"
wcwidth = "*"

[package.dependencies.more-itertools]
python = ">=2.8"
version = ">=4.0.0"

[package.extras]
testing = ["argcomplete", "hypothesis (>=3.56)", "nose", "requests", "mock"]

[[package]]
category = "dev"
description = "Separate test code from test cases in pytest."
name = "pytest-cases"
optional = false
python-versions = "*"
version = "1.6.3"

[package.dependencies]
decopatch = "*"
makefun = "*"
wrapt = "*"

[[package]]
category = "dev"
description = "Pytest plugin for measuring coverage."
name = "pytest-cov"
optional = false
python-versions = ">=2.7, !=3.0.*, !=3.1.*, !=3.2.*, !=3.3.*"
version = "2.7.1"

[package.dependencies]
coverage = ">=4.4"
pytest = ">=3.6"

[package.extras]
testing = ["fields", "hunter", "process-tests (2.0.2)", "six", "virtualenv"]

[[package]]
category = "dev"
description = "Thin-wrapper around the mock package for easier use with py.test"
name = "pytest-mock"
optional = false
python-versions = ">=2.7, !=3.0.*, !=3.1.*, !=3.2.*, !=3.3.*"
version = "1.10.4"

[package.dependencies]
pytest = ">=2.7"

[package.extras]
dev = ["pre-commit", "tox"]

[[package]]
category = "main"
description = "Extensions to the standard Python datetime module"
name = "python-dateutil"
optional = false
python-versions = ">=2.7, !=3.0.*, !=3.1.*, !=3.2.*"
version = "2.8.0"

[package.dependencies]
six = ">=1.5"

[[package]]
category = "dev"
description = ""
marker = "sys_platform == \"win32\""
name = "pywin32-ctypes"
optional = false
python-versions = "*"
version = "0.2.0"

[[package]]
category = "dev"
description = "Python HTTP for Humans."
name = "requests"
optional = false
python-versions = ">=2.7, !=3.0.*, !=3.1.*, !=3.2.*, !=3.3.*, !=3.4.*"
version = "2.22.0"

[package.dependencies]
certifi = ">=2017.4.17"
chardet = ">=3.0.2,<3.1.0"
idna = ">=2.5,<2.9"
urllib3 = ">=1.21.1,<1.25.0 || >1.25.0,<1.25.1 || >1.25.1,<1.26"

[package.extras]
security = ["pyOpenSSL (>=0.14)", "cryptography (>=1.3.4)", "idna (>=2.0.0)"]
socks = ["PySocks (>=1.5.6,<1.5.7 || >1.5.7)", "win-inet-pton"]

[[package]]
category = "main"
description = "ruamel.yaml is a YAML parser/emitter that supports roundtrip preservation of comments, seq/map flow style, and map key order"
name = "ruamel.yaml"
optional = false
python-versions = "*"
version = "0.16.5"

[package.dependencies]
[package.dependencies."ruamel.yaml.clib"]
python = "<3.8"
version = ">=0.1.2"

[package.extras]
docs = ["ryd"]
jinja2 = ["ruamel.yaml.jinja2 (>=0.2)"]

[[package]]
category = "main"
description = "C version of reader, parser and emitter for ruamel.yaml derived from libyaml"
marker = "platform_python_implementation == \"CPython\" and python_version < \"3.8\""
name = "ruamel.yaml.clib"
optional = false
python-versions = "*"
version = "0.1.2"

[[package]]
category = "main"
description = "Python 2 and 3 compatibility utilities"
name = "six"
optional = false
python-versions = ">=2.6, !=3.0.*, !=3.1.*"
version = "1.12.0"

[[package]]
category = "dev"
description = "Python Library for Tom's Obvious, Minimal Language"
name = "toml"
optional = false
python-versions = "*"
version = "0.10.0"

[[package]]
category = "dev"
description = "HTTP library with thread-safe connection pooling, file post, and more."
name = "urllib3"
optional = false
python-versions = ">=2.7, !=3.0.*, !=3.1.*, !=3.2.*, !=3.3.*, <4"
version = "1.25.3"

[package.extras]
brotli = ["brotlipy (>=0.6.0)"]
secure = ["pyOpenSSL (>=0.14)", "cryptography (>=1.3.4)", "idna (>=2.0.0)", "certifi", "ipaddress"]
socks = ["PySocks (>=1.5.6,<1.5.7 || >1.5.7,<2.0)"]

[[package]]
category = "dev"
description = "Measures number of Terminal column cells of wide-character codes"
name = "wcwidth"
optional = false
python-versions = "*"
version = "0.1.7"

[[package]]
category = "dev"
description = "Module for decorators, wrappers and monkey patching."
name = "wrapt"
optional = false
python-versions = "*"
version = "1.11.1"

[[package]]
category = "dev"
description = "Backport of pathlib-compatible object wrapper for zip files"
name = "zipp"
optional = false
python-versions = ">=2.7"
version = "0.5.1"

[package.extras]
docs = ["sphinx", "jaraco.packaging (>=3.2)", "rst.linker (>=1.9)"]
testing = ["pathlib2", "contextlib2", "unittest2"]

[metadata]
content-hash = "5b94523d9eb3f519370f98de46cb4dc42376819512a0465e162c190f4a5e484f"
python-versions = "^3.6"

[metadata.files]
altgraph = [
    {file = "altgraph-0.17-py2.py3-none-any.whl", hash = "sha256:c623e5f3408ca61d4016f23a681b9adb100802ca3e3da5e718915a9e4052cebe"},
    {file = "altgraph-0.17.tar.gz", hash = "sha256:1f05a47122542f97028caf78775a095fbe6a2699b5089de8477eb583167d69aa"},
]
appdirs = [
    {file = "appdirs-1.4.3-py2.py3-none-any.whl", hash = "sha256:d8b24664561d0d34ddfaec54636d502d7cea6e29c3eaf68f3df6180863e2166e"},
    {file = "appdirs-1.4.3.tar.gz", hash = "sha256:9e5896d1372858f8dd3344faf4e5014d21849c756c8d5701f78f8a103b372d92"},
]
atomicwrites = [
    {file = "atomicwrites-1.3.0-py2.py3-none-any.whl", hash = "sha256:03472c30eb2c5d1ba9227e4c2ca66ab8287fbfbbda3888aa93dc2e28fc6811b4"},
    {file = "atomicwrites-1.3.0.tar.gz", hash = "sha256:75a9445bac02d8d058d5e1fe689654ba5a6556a1dfd8ce6ec55a0ed79866cfa6"},
]
attrs = [
    {file = "attrs-18.2.0-py2.py3-none-any.whl", hash = "sha256:ca4be454458f9dec299268d472aaa5a11f67a4ff70093396e1ceae9c76cf4bbb"},
    {file = "attrs-18.2.0.tar.gz", hash = "sha256:10cbf6e27dbce8c30807caf056c8eb50917e0eaafe86347671b57254006c3e69"},
]
black = [
    {file = "black-18.9b0-py36-none-any.whl", hash = "sha256:817243426042db1d36617910df579a54f1afd659adb96fc5032fcf4b36209739"},
    {file = "black-18.9b0.tar.gz", hash = "sha256:e030a9a28f542debc08acceb273f228ac422798e5215ba2a791a6ddeaaca22a5"},
]
certifi = [
    {file = "certifi-2019.3.9-py2.py3-none-any.whl", hash = "sha256:59b7658e26ca9c7339e00f8f4636cdfe59d34fa37b9b04f6f9e9926b3cece1a5"},
    {file = "certifi-2019.3.9.tar.gz", hash = "sha256:b26104d6835d1f5e49452a26eb2ff87fe7090b89dfcaee5ea2212697e1e1d7ae"},
]
chardet = [
    {file = "chardet-3.0.4-py2.py3-none-any.whl", hash = "sha256:fc323ffcaeaed0e0a02bf4d117757b98aed530d9ed4531e3e15460124c106691"},
    {file = "chardet-3.0.4.tar.gz", hash = "sha256:84ab92ed1c4d4f16916e05906b6b75a6c0fb5db821cc65e70cbd64a3e2a5eaae"},
]
click = [
    {file = "Click-7.0-py2.py3-none-any.whl", hash = "sha256:2335065e6395b9e67ca716de5f7526736bfa6ceead690adf616d925bdc622b13"},
    {file = "Click-7.0.tar.gz", hash = "sha256:5b94b49521f6456670fdb30cd82a4eca9412788a93fa6dd6df72c94d5a8ff2d7"},
]
codecov = [
    {file = "codecov-2.0.15-py2.py3-none-any.whl", hash = "sha256:ae00d68e18d8a20e9c3288ba3875ae03db3a8e892115bf9b83ef20507732bed4"},
    {file = "codecov-2.0.15.tar.gz", hash = "sha256:8ed8b7c6791010d359baed66f84f061bba5bd41174bf324c31311e8737602788"},
]
colorama = [
    {file = "colorama-0.4.1-py2.py3-none-any.whl", hash = "sha256:f8ac84de7840f5b9c4e3347b3c1eaa50f7e49c2b07596221daec5edaabbd7c48"},
    {file = "colorama-0.4.1.tar.gz", hash = "sha256:05eed71e2e327246ad6b38c540c4a3117230b19679b875190486ddd2d721422d"},
]
colorspacious = [
    {file = "colorspacious-1.1.2-py2.py3-none-any.whl", hash = "sha256:c78befa603cea5dccb332464e7dd29e96469eebf6cd5133029153d1e69e3fd6f"},
    {file = "colorspacious-1.1.2.tar.gz", hash = "sha256:5e9072e8cdca889dac445c35c9362a22ccf758e97b00b79ff0d5a7ba3e11b618"},
]
coverage = [
    {file = "coverage-4.5.3-cp26-cp26m-macosx_10_12_x86_64.whl", hash = "sha256:a5d8f29e5ec661143621a8f4de51adfb300d7a476224156a39a392254f70687b"},
    {file = "coverage-4.5.3-cp27-cp27m-macosx_10_12_x86_64.whl", hash = "sha256:f8019c5279eb32360ca03e9fac40a12667715546eed5c5eb59eb381f2f501260"},
    {file = "coverage-4.5.3-cp27-cp27m-macosx_10_13_intel.whl", hash = "sha256:7ad7536066b28863e5835e8cfeaa794b7fe352d99a8cded9f43d1161be8e9fbd"},
    {file = "coverage-4.5.3-cp27-cp27m-manylinux1_i686.whl", hash = "sha256:aca06bfba4759bbdb09bf52ebb15ae20268ee1f6747417837926fae990ebc41d"},
    {file = "coverage-4.5.3-cp27-cp27m-manylinux1_x86_64.whl", hash = "sha256:465ce53a8c0f3a7950dfb836438442f833cf6663d407f37d8c52fe7b6e56d7e8"},
    {file = "coverage-4.5.3-cp27-cp27m-win32.whl", hash = "sha256:a545a3dfe5082dc8e8c3eb7f8a2cf4f2870902ff1860bd99b6198cfd1f9d1f49"},
    {file = "coverage-4.5.3-cp27-cp27m-win_amd64.whl", hash = "sha256:3684fabf6b87a369017756b551cef29e505cb155ddb892a7a29277b978da88b9"},
    {file = "coverage-4.5.3-cp27-cp27mu-manylinux1_i686.whl", hash = "sha256:839dc7c36501254e14331bcb98b27002aa415e4af7ea039d9009409b9d2d5420"},
    {file = "coverage-4.5.3-cp27-cp27mu-manylinux1_x86_64.whl", hash = "sha256:c709d8bda72cf4cd348ccec2a4881f2c5848fd72903c185f363d361b2737f773"},
    {file = "coverage-4.5.3-cp33-cp33m-macosx_10_10_x86_64.whl", hash = "sha256:c968a6aa7e0b56ecbd28531ddf439c2ec103610d3e2bf3b75b813304f8cb7723"},
    {file = "coverage-4.5.3-cp34-cp34m-macosx_10_12_x86_64.whl", hash = "sha256:7bacb89ccf4bedb30b277e96e4cc68cd1369ca6841bde7b005191b54d3dd1034"},
    {file = "coverage-4.5.3-cp34-cp34m-manylinux1_i686.whl", hash = "sha256:f46087bbd95ebae244a0eda01a618aff11ec7a069b15a3ef8f6b520db523dcf1"},
    {file = "coverage-4.5.3-cp34-cp34m-manylinux1_x86_64.whl", hash = "sha256:df785d8cb80539d0b55fd47183264b7002077859028dfe3070cf6359bf8b2d9c"},
    {file = "coverage-4.5.3-cp34-cp34m-win32.whl", hash = "sha256:5296fc86ab612ec12394565c500b412a43b328b3907c0d14358950d06fd83baf"},
    {file = "coverage-4.5.3-cp34-cp34m-win_amd64.whl", hash = "sha256:bb23b7a6fd666e551a3094ab896a57809e010059540ad20acbeec03a154224ce"},
    {file = "coverage-4.5.3-cp35-cp35m-macosx_10_12_x86_64.whl", hash = "sha256:fc5f4d209733750afd2714e9109816a29500718b32dd9a5db01c0cb3a019b96a"},
    {file = "coverage-4.5.3-cp35-cp35m-manylinux1_i686.whl", hash = "sha256:8f9a95b66969cdea53ec992ecea5406c5bd99c9221f539bca1e8406b200ae98c"},
    {file = "coverage-4.5.3-cp35-cp35m-manylinux1_x86_64.whl", hash = "sha256:f406628ca51e0ae90ae76ea8398677a921b36f0bd71aab2099dfed08abd0322f"},
    {file = "coverage-4.5.3-cp35-cp35m-win32.whl", hash = "sha256:998d7e73548fe395eeb294495a04d38942edb66d1fa61eb70418871bc621227e"},
    {file = "coverage-4.5.3-cp35-cp35m-win_amd64.whl", hash = "sha256:68a43a9f9f83693ce0414d17e019daee7ab3f7113a70c79a3dd4c2f704e4d741"},
    {file = "coverage-4.5.3-cp36-cp36m-macosx_10_13_x86_64.whl", hash = "sha256:9e80d45d0c7fcee54e22771db7f1b0b126fb4a6c0a2e5afa72f66827207ff2f2"},
    {file = "coverage-4.5.3-cp36-cp36m-manylinux1_i686.whl", hash = "sha256:48020e343fc40f72a442c8a1334284620f81295256a6b6ca6d8aa1350c763bbe"},
    {file = "coverage-4.5.3-cp36-cp36m-manylinux1_x86_64.whl", hash = "sha256:5f61bed2f7d9b6a9ab935150a6b23d7f84b8055524e7be7715b6513f3328138e"},
    {file = "coverage-4.5.3-cp36-cp36m-win32.whl", hash = "sha256:c62ca0a38958f541a73cf86acdab020c2091631c137bd359c4f5bddde7b75fd4"},
    {file = "coverage-4.5.3-cp36-cp36m-win_amd64.whl", hash = "sha256:39e088da9b284f1bd17c750ac672103779f7954ce6125fd4382134ac8d152d74"},
    {file = "coverage-4.5.3-cp37-cp37m-macosx_10_13_x86_64.whl", hash = "sha256:932c03d2d565f75961ba1d3cec41ddde00e162c5b46d03f7423edcb807734eab"},
    {file = "coverage-4.5.3-cp37-cp37m-manylinux1_i686.whl", hash = "sha256:3c205bc11cc4fcc57b761c2da73b9b72a59f8d5ca89979afb0c1c6f9e53c7390"},
    {file = "coverage-4.5.3-cp37-cp37m-manylinux1_x86_64.whl", hash = "sha256:6b8033d47fe22506856fe450470ccb1d8ba1ffb8463494a15cfc96392a288c09"},
    {file = "coverage-4.5.3-cp37-cp37m-win32.whl", hash = "sha256:988529edadc49039d205e0aa6ce049c5ccda4acb2d6c3c5c550c17e8c02c05ba"},
    {file = "coverage-4.5.3-cp37-cp37m-win_amd64.whl", hash = "sha256:bfd1d0ae7e292105f29d7deaa9d8f2916ed8553ab9d5f39ec65bcf5deadff3f9"},
    {file = "coverage-4.5.3.tar.gz", hash = "sha256:9de60893fb447d1e797f6bf08fdf0dbcda0c1e34c1b06c92bd3a363c0ea8c609"},
    {file = "coverage-4.5.3.win-amd64-py2.7.exe", hash = "sha256:4ec30ade438d1711562f3786bea33a9da6107414aed60a5daa974d50a8c2c351"},
    {file = "coverage-4.5.3.win-amd64-py3.4.exe", hash = "sha256:93f965415cc51604f571e491f280cff0f5be35895b4eb5e55b47ae90c02a497b"},
    {file = "coverage-4.5.3.win-amd64-py3.5.exe", hash = "sha256:ca58eba39c68010d7e87a823f22a081b5290e3e3c64714aac3c91481d8b34d22"},
    {file = "coverage-4.5.3.win-amd64-py3.6.exe", hash = "sha256:6899797ac384b239ce1926f3cb86ffc19996f6fa3a1efbb23cb49e0c12d8c18c"},
    {file = "coverage-4.5.3.win-amd64-py3.7.exe", hash = "sha256:8e679d1bde5e2de4a909efb071f14b472a678b788904440779d2c449c0355b27"},
    {file = "coverage-4.5.3.win32-py2.7.exe", hash = "sha256:42692db854d13c6c5e9541b6ffe0fe921fe16c9c446358d642ccae1462582d3b"},
    {file = "coverage-4.5.3.win32-py3.4.exe", hash = "sha256:a9abc8c480e103dc05d9b332c6cc9fb1586330356fc14f1aa9c0ca5745097d19"},
    {file = "coverage-4.5.3.win32-py3.5.exe", hash = "sha256:c22ab9f96cbaff05c6a84e20ec856383d27eae09e511d3e6ac4479489195861d"},
    {file = "coverage-4.5.3.win32-py3.6.exe", hash = "sha256:2b412abc4c7d6e019ce7c27cbc229783035eef6d5401695dccba80f481be4eb3"},
    {file = "coverage-4.5.3.win32-py3.7.exe", hash = "sha256:0c5fe441b9cfdab64719f24e9684502a59432df7570521563d7b1aff27ac755f"},
]
cycler = [
    {file = "cycler-0.10.0-py2.py3-none-any.whl", hash = "sha256:1d8a5ae1ff6c5cf9b93e8811e581232ad8920aeec647c37316ceac982b08cb2d"},
    {file = "cycler-0.10.0.tar.gz", hash = "sha256:cd7b2d1018258d7247a71425e9f26463dfb444d411c39569972f4ce586b0c9d8"},
]
decopatch = [
    {file = "decopatch-1.4.5-py3-none-any.whl", hash = "sha256:6577b068d8a675bcdc86fb439f20b986518d585526a4d6606a121d78b5840c50"},
    {file = "decopatch-1.4.5.tar.gz", hash = "sha256:773816d7655698dc4f8925f1766eccf6069b27e2dec5e11e1fe198bdcbcc3b62"},
]
delayed-assert = [
    {file = "delayed_assert-0.2.3-py3-none-any.whl", hash = "sha256:ecfffa0eba4980606739475480c4722330eb44a828e3b9cfa9a4deed4104b7d1"},
    {file = "delayed_assert-0.2.3.tar.gz", hash = "sha256:02eae58d56b9b8e3a72f890b85c1eb530184e25a65689e43889d4e9995cd42e4"},
]
dis3 = [
    {file = "dis3-0.1.3-py2-none-any.whl", hash = "sha256:61f7720dd0d8749d23fda3d7227ce74d73da11c2fade993a67ab2f9852451b14"},
    {file = "dis3-0.1.3-py3-none-any.whl", hash = "sha256:30b6412d33d738663e8ded781b138f4b01116437f0872aa56aa3adba6aeff218"},
    {file = "dis3-0.1.3.tar.gz", hash = "sha256:9259b881fc1df02ed12ac25f82d4a85b44241854330b1a651e40e0c675cb2d1e"},
]
future = [
    {file = "future-0.18.2.tar.gz", hash = "sha256:b1bead90b70cf6ec3f0710ae53a525360fa360d306a86583adc6bf83a4db537d"},
]
hypothesis = [
    {file = "hypothesis-3.88.3-py2-none-any.whl", hash = "sha256:76bfc9838d0b589fbc25232f46ec8ae17504f013b25d8221aa03d5368413016c"},
    {file = "hypothesis-3.88.3-py3-none-any.whl", hash = "sha256:21000d6c13bc7ad360f416eade493a06f2632c9c2a732e493779f8d51c08f031"},
    {file = "hypothesis-3.88.3.tar.gz", hash = "sha256:3b1aa7d49bc5f69948425d4a55b5edf4c75d79cbac72b47ab3061f55ad727b74"},
]
idna = [
    {file = "idna-2.8-py2.py3-none-any.whl", hash = "sha256:ea8b7f6188e6fa117537c3df7da9fc686d485087abf6ac197f9c46432f7e4a3c"},
    {file = "idna-2.8.tar.gz", hash = "sha256:c357b3f628cf53ae2c4c05627ecc484553142ca23264e593d327bcde5e9c3407"},
]
importlib-metadata = [
    {file = "importlib_metadata-0.18-py2.py3-none-any.whl", hash = "sha256:6dfd58dfe281e8d240937776065dd3624ad5469c835248219bd16cf2e12dbeb7"},
    {file = "importlib_metadata-0.18.tar.gz", hash = "sha256:cb6ee23b46173539939964df59d3d72c3e0c1b5d54b84f1d8a7e912fe43612db"},
]
kiwisolver = [
    {file = "kiwisolver-1.1.0-cp27-cp27m-macosx_10_6_intel.macosx_10_9_intel.macosx_10_9_x86_64.macosx_10_10_intel.macosx_10_10_x86_64.whl", hash = "sha256:7f4dd50874177d2bb060d74769210f3bce1af87a8c7cf5b37d032ebf94f0aca3"},
    {file = "kiwisolver-1.1.0-cp27-cp27m-macosx_10_6_intel.whl", hash = "sha256:fe51b79da0062f8e9d49ed0182a626a7dc7a0cbca0328f612c6ee5e4711c81e4"},
    {file = "kiwisolver-1.1.0-cp27-cp27m-manylinux1_i686.whl", hash = "sha256:f790f8b3dff3d53453de6a7b7ddd173d2e020fb160baff578d578065b108a05f"},
    {file = "kiwisolver-1.1.0-cp27-cp27m-manylinux1_x86_64.whl", hash = "sha256:f2b22153870ca5cf2ab9c940d7bc38e8e9089fa0f7e5856ea195e1cf4ff43d5a"},
    {file = "kiwisolver-1.1.0-cp27-cp27mu-manylinux1_i686.whl", hash = "sha256:e8bf074363ce2babeb4764d94f8e65efd22e6a7c74860a4f05a6947afc020ff2"},
    {file = "kiwisolver-1.1.0-cp27-cp27mu-manylinux1_x86_64.whl", hash = "sha256:05b5b061e09f60f56244adc885c4a7867da25ca387376b02c1efc29cc16bcd0f"},
    {file = "kiwisolver-1.1.0-cp27-none-win32.whl", hash = "sha256:47b8cb81a7d18dbaf4fed6a61c3cecdb5adec7b4ac292bddb0d016d57e8507d5"},
    {file = "kiwisolver-1.1.0-cp27-none-win_amd64.whl", hash = "sha256:b64916959e4ae0ac78af7c3e8cef4becee0c0e9694ad477b4c6b3a536de6a544"},
    {file = "kiwisolver-1.1.0-cp34-cp34m-macosx_10_6_intel.macosx_10_9_intel.macosx_10_9_x86_64.macosx_10_10_intel.macosx_10_10_x86_64.whl", hash = "sha256:682e54f0ce8f45981878756d7203fd01e188cc6c8b2c5e2cf03675390b4534d5"},
    {file = "kiwisolver-1.1.0-cp34-cp34m-manylinux1_i686.whl", hash = "sha256:d52e3b1868a4e8fd18b5cb15055c76820df514e26aa84cc02f593d99fef6707f"},
    {file = "kiwisolver-1.1.0-cp34-cp34m-manylinux1_x86_64.whl", hash = "sha256:8aa7009437640beb2768bfd06da049bad0df85f47ff18426261acecd1cf00897"},
    {file = "kiwisolver-1.1.0-cp34-none-win32.whl", hash = "sha256:26f4fbd6f5e1dabff70a9ba0d2c4bd30761086454aa30dddc5b52764ee4852b7"},
    {file = "kiwisolver-1.1.0-cp34-none-win_amd64.whl", hash = "sha256:79bfb2f0bd7cbf9ea256612c9523367e5ec51d7cd616ae20ca2c90f575d839a2"},
    {file = "kiwisolver-1.1.0-cp35-cp35m-macosx_10_6_intel.macosx_10_9_intel.macosx_10_9_x86_64.macosx_10_10_intel.macosx_10_10_x86_64.whl", hash = "sha256:3b2378ad387f49cbb328205bda569b9f87288d6bc1bf4cd683c34523a2341efe"},
    {file = "kiwisolver-1.1.0-cp35-cp35m-macosx_10_6_intel.whl", hash = "sha256:aa716b9122307c50686356cfb47bfbc66541868078d0c801341df31dca1232a9"},
    {file = "kiwisolver-1.1.0-cp35-cp35m-manylinux1_i686.whl", hash = "sha256:58e626e1f7dfbb620d08d457325a4cdac65d1809680009f46bf41eaf74ad0187"},
    {file = "kiwisolver-1.1.0-cp35-cp35m-manylinux1_x86_64.whl", hash = "sha256:e3a21a720791712ed721c7b95d433e036134de6f18c77dbe96119eaf7aa08004"},
    {file = "kiwisolver-1.1.0-cp35-none-win32.whl", hash = "sha256:939f36f21a8c571686eb491acfffa9c7f1ac345087281b412d63ea39ca14ec4a"},
    {file = "kiwisolver-1.1.0-cp35-none-win_amd64.whl", hash = "sha256:9733b7f64bd9f807832d673355f79703f81f0b3e52bfce420fc00d8cb28c6a6c"},
    {file = "kiwisolver-1.1.0-cp36-cp36m-macosx_10_6_intel.macosx_10_9_intel.macosx_10_9_x86_64.macosx_10_10_intel.macosx_10_10_x86_64.whl", hash = "sha256:acc4df99308111585121db217681f1ce0eecb48d3a828a2f9bbf9773f4937e9e"},
    {file = "kiwisolver-1.1.0-cp36-cp36m-macosx_10_6_intel.whl", hash = "sha256:9105ce82dcc32c73eb53a04c869b6a4bc756b43e4385f76ea7943e827f529e4d"},
    {file = "kiwisolver-1.1.0-cp36-cp36m-manylinux1_i686.whl", hash = "sha256:f16814a4a96dc04bf1da7d53ee8d5b1d6decfc1a92a63349bb15d37b6a263dd9"},
    {file = "kiwisolver-1.1.0-cp36-cp36m-manylinux1_x86_64.whl", hash = "sha256:400599c0fe58d21522cae0e8b22318e09d9729451b17ee61ba8e1e7c0346565c"},
    {file = "kiwisolver-1.1.0-cp36-none-win32.whl", hash = "sha256:db1a5d3cc4ae943d674718d6c47d2d82488ddd94b93b9e12d24aabdbfe48caee"},
    {file = "kiwisolver-1.1.0-cp36-none-win_amd64.whl", hash = "sha256:5a52e1b006bfa5be04fe4debbcdd2688432a9af4b207a3f429c74ad625022641"},
    {file = "kiwisolver-1.1.0-cp37-cp37m-macosx_10_6_intel.macosx_10_9_intel.macosx_10_9_x86_64.macosx_10_10_intel.macosx_10_10_x86_64.whl", hash = "sha256:a02f6c3e229d0b7220bd74600e9351e18bc0c361b05f29adae0d10599ae0e326"},
    {file = "kiwisolver-1.1.0-cp37-cp37m-macosx_10_6_intel.whl", hash = "sha256:9491578147849b93e70d7c1d23cb1229458f71fc79c51d52dce0809b2ca44eea"},
    {file = "kiwisolver-1.1.0-cp37-cp37m-manylinux1_i686.whl", hash = "sha256:5c7ca4e449ac9f99b3b9d4693debb1d6d237d1542dd6a56b3305fe8a9620f883"},
    {file = "kiwisolver-1.1.0-cp37-cp37m-manylinux1_x86_64.whl", hash = "sha256:a0c0a9f06872330d0dd31b45607197caab3c22777600e88031bfe66799e70bb0"},
    {file = "kiwisolver-1.1.0-cp37-none-win32.whl", hash = "sha256:8944a16020c07b682df861207b7e0efcd2f46c7488619cb55f65882279119389"},
    {file = "kiwisolver-1.1.0-cp37-none-win_amd64.whl", hash = "sha256:d3fcf0819dc3fea58be1fd1ca390851bdb719a549850e708ed858503ff25d995"},
    {file = "kiwisolver-1.1.0-cp38-cp38-macosx_10_9_x86_64.whl", hash = "sha256:933df612c453928f1c6faa9236161a1d999a26cd40abf1dc5d7ebbc6dbfb8fca"},
    {file = "kiwisolver-1.1.0-cp38-cp38-manylinux1_i686.whl", hash = "sha256:d22702cadb86b6fcba0e6b907d9f84a312db9cd6934ee728144ce3018e715ee1"},
    {file = "kiwisolver-1.1.0-cp38-cp38-manylinux1_x86_64.whl", hash = "sha256:210d8c39d01758d76c2b9a693567e1657ec661229bc32eac30761fa79b2474b0"},
    {file = "kiwisolver-1.1.0-cp38-none-win32.whl", hash = "sha256:76275ee077772c8dde04fb6c5bc24b91af1bb3e7f4816fd1852f1495a64dad93"},
    {file = "kiwisolver-1.1.0-cp38-none-win_amd64.whl", hash = "sha256:3b15d56a9cd40c52d7ab763ff0bc700edbb4e1a298dc43715ecccd605002cf11"},
    {file = "kiwisolver-1.1.0.tar.gz", hash = "sha256:53eaed412477c836e1b9522c19858a8557d6e595077830146182225613b11a75"},
]
makefun = [
    {file = "makefun-1.6.8-py3-none-any.whl", hash = "sha256:284dc6f0e37405f394f94bce9d587fa6dbd66365c0996a64e477a761f4caf2ff"},
    {file = "makefun-1.6.8.tar.gz", hash = "sha256:5d87c4a06dc2a5477d6d9f5b406228798bc150fc4fd2685940a971690990adf2"},
]
matplotlib = [
    {file = "matplotlib-3.1.0-cp36-cp36m-macosx_10_6_intel.macosx_10_9_intel.macosx_10_9_x86_64.macosx_10_10_intel.macosx_10_10_x86_64.whl", hash = "sha256:409a5894efb810d630d2512449c7a4394de9a4d15fc6394e26a409b17d9cc18c"},
    {file = "matplotlib-3.1.0-cp36-cp36m-manylinux1_x86_64.whl", hash = "sha256:5c5ef5cf1bc8f483123102e2615644937af7d4c01d100acc72bf74a044a78717"},
    {file = "matplotlib-3.1.0-cp36-cp36m-win32.whl", hash = "sha256:399bf6352633aeeb45ca55c6c943fa2738022fb17ae498c32a142ced0b41528d"},
    {file = "matplotlib-3.1.0-cp36-cp36m-win_amd64.whl", hash = "sha256:f3d8b6bccc577e4e5ecbd58fdd63cacb8e58f0ed1e97616a7f7a7baaf4b8d036"},
    {file = "matplotlib-3.1.0-cp37-cp37m-macosx_10_6_intel.macosx_10_9_intel.macosx_10_9_x86_64.macosx_10_10_intel.macosx_10_10_x86_64.whl", hash = "sha256:08d9bc2e2acef42965256acd5015dc2c899cbd53e01bf4214c5510c7ea0efd2d"},
    {file = "matplotlib-3.1.0-cp37-cp37m-manylinux1_x86_64.whl", hash = "sha256:d0052be5cdfa27018bb08194b8812c47cb985d60eb682e1809c76e9600839516"},
    {file = "matplotlib-3.1.0-cp37-cp37m-win32.whl", hash = "sha256:e7d6620d145ca9f6c3e88248e5734b6fda430e75e70755b887e48f8e9bc1de2a"},
    {file = "matplotlib-3.1.0-cp37-cp37m-win_amd64.whl", hash = "sha256:1f31053f660df5f0310118d7f5bd1e8025170e9773f0bebe8fec486d0926adf6"},
    {file = "matplotlib-3.1.0.tar.gz", hash = "sha256:1e0213f87cc0076f7b0c4c251d7e23601e2419cd98691df79edb95517ba06f0c"},
]
more-itertools = [
    {file = "more-itertools-7.0.0.tar.gz", hash = "sha256:c3e4748ba1aad8dba30a4886b0b1a2004f9a863837b8654e7059eebf727afa5a"},
    {file = "more_itertools-7.0.0-py3-none-any.whl", hash = "sha256:2112d2ca570bb7c3e53ea1a35cd5df42bb0fd10c45f0fb97178679c3c03d64c7"},
]
numpy = [
    {file = "numpy-1.16.4-cp27-cp27m-macosx_10_6_intel.macosx_10_9_intel.macosx_10_9_x86_64.macosx_10_10_intel.macosx_10_10_x86_64.whl", hash = "sha256:b5554368e4ede1856121b0dfa35ce71768102e4aa55e526cb8de7f374ff78722"},
    {file = "numpy-1.16.4-cp27-cp27m-manylinux1_i686.whl", hash = "sha256:e8baab1bc7c9152715844f1faca6744f2416929de10d7639ed49555a85549f52"},
    {file = "numpy-1.16.4-cp27-cp27m-manylinux1_x86_64.whl", hash = "sha256:2a04dda79606f3d2f760384c38ccd3d5b9bb79d4c8126b67aff5eb09a253763e"},
    {file = "numpy-1.16.4-cp27-cp27m-win32.whl", hash = "sha256:94f5bd885f67bbb25c82d80184abbf7ce4f6c3c3a41fbaa4182f034bba803e69"},
    {file = "numpy-1.16.4-cp27-cp27m-win_amd64.whl", hash = "sha256:7dc253b542bfd4b4eb88d9dbae4ca079e7bf2e2afd819ee18891a43db66c60c7"},
    {file = "numpy-1.16.4-cp27-cp27mu-manylinux1_i686.whl", hash = "sha256:0778076e764e146d3078b17c24c4d89e0ecd4ac5401beff8e1c87879043a0633"},
    {file = "numpy-1.16.4-cp27-cp27mu-manylinux1_x86_64.whl", hash = "sha256:b0348be89275fd1d4c44ffa39530c41a21062f52299b1e3ee7d1c61f060044b8"},
    {file = "numpy-1.16.4-cp35-cp35m-macosx_10_6_intel.macosx_10_9_intel.macosx_10_9_x86_64.macosx_10_10_intel.macosx_10_10_x86_64.whl", hash = "sha256:52c40f1a4262c896420c6ea1c6fda62cf67070e3947e3307f5562bd783a90336"},
    {file = "numpy-1.16.4-cp35-cp35m-manylinux1_i686.whl", hash = "sha256:141c7102f20abe6cf0d54c4ced8d565b86df4d3077ba2343b61a6db996cefec7"},
    {file = "numpy-1.16.4-cp35-cp35m-manylinux1_x86_64.whl", hash = "sha256:6e4f8d9e8aa79321657079b9ac03f3cf3fd067bf31c1cca4f56d49543f4356a5"},
    {file = "numpy-1.16.4-cp35-cp35m-win32.whl", hash = "sha256:d79f18f41751725c56eceab2a886f021d70fd70a6188fd386e29a045945ffc10"},
    {file = "numpy-1.16.4-cp35-cp35m-win_amd64.whl", hash = "sha256:14270a1ee8917d11e7753fb54fc7ffd1934f4d529235beec0b275e2ccf00333b"},
    {file = "numpy-1.16.4-cp36-cp36m-macosx_10_6_intel.macosx_10_9_intel.macosx_10_9_x86_64.macosx_10_10_intel.macosx_10_10_x86_64.whl", hash = "sha256:a89e188daa119ffa0d03ce5123dee3f8ffd5115c896c2a9d4f0dbb3d8b95bfa3"},
    {file = "numpy-1.16.4-cp36-cp36m-manylinux1_i686.whl", hash = "sha256:ec31fe12668af687b99acf1567399632a7c47b0e17cfb9ae47c098644ef36797"},
    {file = "numpy-1.16.4-cp36-cp36m-manylinux1_x86_64.whl", hash = "sha256:27e11c7a8ec9d5838bc59f809bfa86efc8a4fd02e58960fa9c49d998e14332d5"},
    {file = "numpy-1.16.4-cp36-cp36m-win32.whl", hash = "sha256:dc2ca26a19ab32dc475dbad9dfe723d3a64c835f4c23f625c2b6566ca32b9f29"},
    {file = "numpy-1.16.4-cp36-cp36m-win_amd64.whl", hash = "sha256:ad3399da9b0ca36e2f24de72f67ab2854a62e623274607e37e0ce5f5d5fa9166"},
    {file = "numpy-1.16.4-cp37-cp37m-macosx_10_6_intel.macosx_10_9_intel.macosx_10_9_x86_64.macosx_10_10_intel.macosx_10_10_x86_64.whl", hash = "sha256:f58ac38d5ca045a377b3b377c84df8175ab992c970a53332fa8ac2373df44ff7"},
    {file = "numpy-1.16.4-cp37-cp37m-manylinux1_i686.whl", hash = "sha256:f12b4f7e2d8f9da3141564e6737d79016fe5336cc92de6814eba579744f65b0a"},
    {file = "numpy-1.16.4-cp37-cp37m-manylinux1_x86_64.whl", hash = "sha256:cbddc56b2502d3f87fda4f98d948eb5b11f36ff3902e17cb6cc44727f2200525"},
    {file = "numpy-1.16.4-cp37-cp37m-win32.whl", hash = "sha256:3c26010c1b51e1224a3ca6b8df807de6e95128b0908c7e34f190e7775455b0ca"},
    {file = "numpy-1.16.4-cp37-cp37m-win_amd64.whl", hash = "sha256:dd9bcd4f294eb0633bb33d1a74febdd2b9018b8b8ed325f861fffcd2c7660bb8"},
    {file = "numpy-1.16.4.zip", hash = "sha256:7242be12a58fec245ee9734e625964b97cf7e3f2f7d016603f9e56660ce479c7"},
]
packaging = [
    {file = "packaging-19.0-py2.py3-none-any.whl", hash = "sha256:9e1cbf8c12b1f1ce0bb5344b8d7ecf66a6f8a6e91bcb0c84593ed6d3ab5c4ab3"},
    {file = "packaging-19.0.tar.gz", hash = "sha256:0c98a5d0be38ed775798ece1b9727178c4469d9c3b4ada66e8e6b7849f8732af"},
]
pefile = [
    {file = "pefile-2019.4.18.tar.gz", hash = "sha256:a5d6e8305c6b210849b47a6174ddf9c452b2888340b8177874b862ba6c207645"},
]
pluggy = [
    {file = "pluggy-0.12.0-py2.py3-none-any.whl", hash = "sha256:b9817417e95936bf75d85d3f8767f7df6cdde751fc40aed3bb3074cbcb77757c"},
    {file = "pluggy-0.12.0.tar.gz", hash = "sha256:0825a152ac059776623854c1543d65a4ad408eb3d33ee114dff91e57ec6ae6fc"},
]
py = [
    {file = "py-1.8.0-py2.py3-none-any.whl", hash = "sha256:64f65755aee5b381cea27766a3a147c3f15b9b6b9ac88676de66ba2ae36793fa"},
    {file = "py-1.8.0.tar.gz", hash = "sha256:dc639b046a6e2cff5bbe40194ad65936d6ba360b52b3c3fe1d08a82dd50b5e53"},
]
pyinstaller = [
    {file = "PyInstaller-3.6.tar.gz", hash = "sha256:3730fa80d088f8bb7084d32480eb87cbb4ddb64123363763cf8f2a1378c1c4b7"},
]
pyparsing = [
    {file = "pyparsing-2.4.0-py2.py3-none-any.whl", hash = "sha256:9b6323ef4ab914af344ba97510e966d64ba91055d6b9afa6b30799340e89cc03"},
    {file = "pyparsing-2.4.0.tar.gz", hash = "sha256:1873c03321fc118f4e9746baf201ff990ceb915f433f23b395f5580d1840cb2a"},
]
pyqt5 = [
    {file = "PyQt5-5.12.2-5.12.3-cp35.cp36.cp37.cp38-abi3-macosx_10_6_intel.whl", hash = "sha256:44b263f395045eb5bba34f4df2d269e07b1e073fd359645b022943dd1accadfd"},
    {file = "PyQt5-5.12.2-5.12.3-cp35.cp36.cp37.cp38-abi3-manylinux1_x86_64.whl", hash = "sha256:c168a8883bbe7877809c3239c5dcfb9e8de5fe7e8e828c8add7e4f77cc8fc02a"},
    {file = "PyQt5-5.12.2-5.12.3-cp35.cp36.cp37.cp38-none-win32.whl", hash = "sha256:06cb9a1ea1289ca2b2d81f9a2da44a05029d5b4d36fa47b6a0c0b9027ff03fef"},
    {file = "PyQt5-5.12.2-5.12.3-cp35.cp36.cp37.cp38-none-win_amd64.whl", hash = "sha256:bb4ec5583baa18f741ec6c229489dc1910290d4ce4d6756a2ea062f7bf6456e6"},
]
pyqt5-sip = [
    {file = "PyQt5_sip-12.7.0-cp35-cp35m-macosx_10_6_intel.whl", hash = "sha256:1910c1cb5a388d4e59ebb2895d7015f360f3f6eeb1700e7e33e866c53137eb9e"},
    {file = "PyQt5_sip-12.7.0-cp35-cp35m-manylinux1_x86_64.whl", hash = "sha256:b43ba2f18999d41c3df72f590348152e14cd4f6dcea2058c734d688dfb1ec61f"},
    {file = "PyQt5_sip-12.7.0-cp35-cp35m-win32.whl", hash = "sha256:fabff832046643cdb93920ddaa8f77344df90768930fbe6bb33d211c4dcd0b5e"},
    {file = "PyQt5_sip-12.7.0-cp35-cp35m-win_amd64.whl", hash = "sha256:8274ed50f4ffbe91d0f4cc5454394631edfecd75dc327aa01be8bc5818a57e88"},
    {file = "PyQt5_sip-12.7.0-cp36-cp36m-macosx_10_6_intel.whl", hash = "sha256:ef3c7a0bf78674b0dda86ff5809d8495019903a096c128e1f160984b37848f73"},
    {file = "PyQt5_sip-12.7.0-cp36-cp36m-manylinux1_x86_64.whl", hash = "sha256:3c330ff1f70b3eaa6f63dce9274df996dffea82ad9726aa8e3d6cbe38e986b2f"},
    {file = "PyQt5_sip-12.7.0-cp36-cp36m-win32.whl", hash = "sha256:9047d887d97663790d811ac4e0d2e895f1bf2ecac4041691487de40c30239480"},
    {file = "PyQt5_sip-12.7.0-cp36-cp36m-win_amd64.whl", hash = "sha256:9f6ab1417ecfa6c1ce6ce941e0cebc03e3ec9cd9925058043229a5f003ae5e40"},
    {file = "PyQt5_sip-12.7.0-cp37-cp37m-macosx_10_9_x86_64.whl", hash = "sha256:06bc66b50556fb949f14875a4c224423dbf03f972497ccb883fb19b7b7c3b346"},
    {file = "PyQt5_sip-12.7.0-cp37-cp37m-manylinux1_x86_64.whl", hash = "sha256:482a910fa73ee0e36c258d7646ef38f8061774bbc1765a7da68c65056b573341"},
    {file = "PyQt5_sip-12.7.0-cp37-cp37m-win32.whl", hash = "sha256:1c7ad791ec86247f35243bbbdd29cd59989afbe0ab678e0a41211f4407f21dd8"},
    {file = "PyQt5_sip-12.7.0-cp37-cp37m-win_amd64.whl", hash = "sha256:da69ba17f6ece9a85617743cb19de689f2d63025bf8001e2facee2ec9bcff18f"},
    {file = "PyQt5_sip-12.7.0-cp38-cp38-macosx_10_9_x86_64.whl", hash = "sha256:02d94786bada670ab17a2b62ce95b3cf8e3b40c99d36007593a6334d551840bb"},
    {file = "PyQt5_sip-12.7.0-cp38-cp38-manylinux1_x86_64.whl", hash = "sha256:c3ab9ea1bc3f4ce8c57ebc66fb25cd044ef92ed1ca2afa3729854ecc59658905"},
    {file = "PyQt5_sip-12.7.0-cp38-cp38-win32.whl", hash = "sha256:7695dfafb4f5549ce1290ae643d6508dfc2646a9003c989218be3ce42a1aa422"},
    {file = "PyQt5_sip-12.7.0-cp38-cp38-win_amd64.whl", hash = "sha256:091fbbe10a7aebadc0e8897a9449cda08d3c3f663460d812eca3001ca1ed3526"},
    {file = "PyQt5_sip-12.7.0.tar.gz", hash = "sha256:0a067ade558befe4d46335b13d8b602b5044363bfd601419b556d4ec659bca18"},
]
pytest = [
    {file = "pytest-4.6.3-py2.py3-none-any.whl", hash = "sha256:926855726d8ae8371803f7b2e6ec0a69953d9c6311fa7c3b6c1b929ff92d27da"},
    {file = "pytest-4.6.3.tar.gz", hash = "sha256:4a784f1d4f2ef198fe9b7aef793e9fa1a3b2f84e822d9b3a64a181293a572d45"},
]
pytest-cases = [
    {file = "pytest-cases-1.6.3.tar.gz", hash = "sha256:c89604035e0293a46774344ba429b2200345ecfd1bd4adbb1f410d438464dc77"},
    {file = "pytest_cases-1.6.3-py3-none-any.whl", hash = "sha256:c82d71348c2dd0bf158a9760073e5622b7a14af97f2367d83126121f4133f0ea"},
]
pytest-cov = [
    {file = "pytest-cov-2.7.1.tar.gz", hash = "sha256:e00ea4fdde970725482f1f35630d12f074e121a23801aabf2ae154ec6bdd343a"},
    {file = "pytest_cov-2.7.1-py2.py3-none-any.whl", hash = "sha256:2b097cde81a302e1047331b48cadacf23577e431b61e9c6f49a1170bbe3d3da6"},
]
pytest-mock = [
    {file = "pytest-mock-1.10.4.tar.gz", hash = "sha256:5bf5771b1db93beac965a7347dc81c675ec4090cb841e49d9d34637a25c30568"},
    {file = "pytest_mock-1.10.4-py2.py3-none-any.whl", hash = "sha256:43ce4e9dd5074993e7c021bb1c22cbb5363e612a2b5a76bc6d956775b10758b7"},
]
python-dateutil = [
    {file = "python-dateutil-2.8.0.tar.gz", hash = "sha256:c89805f6f4d64db21ed966fda138f8a5ed7a4fdbc1a8ee329ce1b74e3c74da9e"},
    {file = "python_dateutil-2.8.0-py2.py3-none-any.whl", hash = "sha256:7e6584c74aeed623791615e26efd690f29817a27c73085b78e4bad02493df2fb"},
]
pywin32-ctypes = [
    {file = "pywin32-ctypes-0.2.0.tar.gz", hash = "sha256:24ffc3b341d457d48e8922352130cf2644024a4ff09762a2261fd34c36ee5942"},
    {file = "pywin32_ctypes-0.2.0-py2.py3-none-any.whl", hash = "sha256:9dc2d991b3479cc2df15930958b674a48a227d5361d413827a4cfd0b5876fc98"},
]
requests = [
    {file = "requests-2.22.0-py2.py3-none-any.whl", hash = "sha256:9cf5292fcd0f598c671cfc1e0d7d1a7f13bb8085e9a590f48c010551dc6c4b31"},
    {file = "requests-2.22.0.tar.gz", hash = "sha256:11e007a8a2aa0323f5a921e9e6a2d7e4e67d9877e85773fba9ba6419025cbeb4"},
]
"ruamel.yaml" = [
    {file = "ruamel.yaml-0.16.5-py2.py3-none-any.whl", hash = "sha256:0db639b1b2742dae666c6fc009b8d1931ef15c9276ef31c0673cc6dcf766cf40"},
    {file = "ruamel.yaml-0.16.5.tar.gz", hash = "sha256:412a6f5cfdc0525dee6a27c08f5415c7fd832a7afcb7a0ed7319628aed23d408"},
]
"ruamel.yaml.clib" = [
    {file = "ruamel.yaml.clib-0.1.2-cp27-cp27m-macosx_10_9_x86_64.whl", hash = "sha256:0bbe19d3e099f8ba384e1846e6b54f245f58aeec8700edbbf9abb87afa54fd82"},
    {file = "ruamel.yaml.clib-0.1.2-cp27-cp27m-manylinux1_x86_64.whl", hash = "sha256:c747acdb5e8c242ab2280df6f0c239e62838af4bee647031d96b3db2f9cefc04"},
    {file = "ruamel.yaml.clib-0.1.2-cp27-cp27m-win32.whl", hash = "sha256:44449b3764a3f75815eea8ae5930b98e8326be64a90b0f782747318f861abfe0"},
    {file = "ruamel.yaml.clib-0.1.2-cp27-cp27m-win_amd64.whl", hash = "sha256:ef8d4522d231cb9b29f6cdd0edc8faac9d9715c60dc7becbd6eb82c915a98e5b"},
    {file = "ruamel.yaml.clib-0.1.2-cp27-cp27mu-manylinux1_x86_64.whl", hash = "sha256:f504d45230cc9abf2810623b924ae048b224a90adb01f97db4e766cfdda8e6eb"},
    {file = "ruamel.yaml.clib-0.1.2-cp35-cp35m-macosx_10_6_intel.whl", hash = "sha256:68fbc3b5d94d145a391452f886ae5fca240cb7e3ab6bd66e1a721507cdaac28a"},
    {file = "ruamel.yaml.clib-0.1.2-cp35-cp35m-manylinux1_x86_64.whl", hash = "sha256:2f38024592613f3a8772bbc2904be027d9abf463518ba145f2d0c8e6da27009f"},
    {file = "ruamel.yaml.clib-0.1.2-cp35-cp35m-win32.whl", hash = "sha256:5a089acb6833ed5f412e24cbe3e665683064c1429824d2819137b5ade54435c3"},
    {file = "ruamel.yaml.clib-0.1.2-cp35-cp35m-win_amd64.whl", hash = "sha256:eee7ecd2eee648884fae6c51ae50c814acdcc5d6340dc96c970158aebcd25ac6"},
    {file = "ruamel.yaml.clib-0.1.2-cp36-cp36m-macosx_10_9_x86_64.whl", hash = "sha256:6143386ddd61599ea081c012a69a16e5bdd7b3c6c231bd039534365a48940f30"},
    {file = "ruamel.yaml.clib-0.1.2-cp36-cp36m-manylinux1_x86_64.whl", hash = "sha256:75ebddf99ba9e0b48f32b5bdcf9e5a2b84c017da9e0db7bf11995fa414aa09cd"},
    {file = "ruamel.yaml.clib-0.1.2-cp36-cp36m-win32.whl", hash = "sha256:6726aaf851f5f9e4cbdd3e1e414bc700bdd39220e8bc386415fd41c87b1b53c2"},
    {file = "ruamel.yaml.clib-0.1.2-cp36-cp36m-win_amd64.whl", hash = "sha256:e59af39e895aff28ee5f55515983cab3466d1a029c91c04db29da1c0f09cf333"},
    {file = "ruamel.yaml.clib-0.1.2-cp37-cp37m-macosx_10_9_x86_64.whl", hash = "sha256:5710be9a357801c31c1eaa37b9bc92d38176d785af5b2f0c9751385c5dc9659a"},
    {file = "ruamel.yaml.clib-0.1.2-cp37-cp37m-manylinux1_x86_64.whl", hash = "sha256:cadc8eecd27414dca30366b2535cb5e3f3b47b4e2d6be7a0b13e4e52e459ff9f"},
    {file = "ruamel.yaml.clib-0.1.2-cp37-cp37m-win32.whl", hash = "sha256:79948a6712baa686773a43906728e20932c923f7b2a91be7347993be2d745e55"},
    {file = "ruamel.yaml.clib-0.1.2-cp37-cp37m-win_amd64.whl", hash = "sha256:8a2dd8e8b08d369558cade05731172c4b5e2f4c5097762c6b352bd28fd9f9dc4"},
    {file = "ruamel.yaml.clib-0.1.2.tar.gz", hash = "sha256:cee86ecc893a6a8ecaa7c6a9c2d06f75f614176210d78a5f155f8e78d6989509"},
]
six = [
    {file = "six-1.12.0-py2.py3-none-any.whl", hash = "sha256:3350809f0555b11f552448330d0b52d5f24c91a322ea4a15ef22629740f3761c"},
    {file = "six-1.12.0.tar.gz", hash = "sha256:d16a0141ec1a18405cd4ce8b4613101da75da0e9a7aec5bdd4fa804d0e0eba73"},
]
toml = [
    {file = "toml-0.10.0-py2.7.egg", hash = "sha256:f1db651f9657708513243e61e6cc67d101a39bad662eaa9b5546f789338e07a3"},
    {file = "toml-0.10.0-py2.py3-none-any.whl", hash = "sha256:235682dd292d5899d361a811df37e04a8828a5b1da3115886b73cf81ebc9100e"},
    {file = "toml-0.10.0.tar.gz", hash = "sha256:229f81c57791a41d65e399fc06bf0848bab550a9dfd5ed66df18ce5f05e73d5c"},
]
urllib3 = [
    {file = "urllib3-1.25.3-py2.py3-none-any.whl", hash = "sha256:b246607a25ac80bedac05c6f282e3cdaf3afb65420fd024ac94435cabe6e18d1"},
    {file = "urllib3-1.25.3.tar.gz", hash = "sha256:dbe59173209418ae49d485b87d1681aefa36252ee85884c31346debd19463232"},
]
wcwidth = [
    {file = "wcwidth-0.1.7-py2.py3-none-any.whl", hash = "sha256:f4ebe71925af7b40a864553f761ed559b43544f8f71746c2d756c7fe788ade7c"},
    {file = "wcwidth-0.1.7.tar.gz", hash = "sha256:3df37372226d6e63e1b1e1eda15c594bca98a22d33a23832a90998faa96bc65e"},
]
wrapt = [
    {file = "wrapt-1.11.1.tar.gz", hash = "sha256:4aea003270831cceb8a90ff27c4031da6ead7ec1886023b80ce0dfe0adf61533"},
]
zipp = [
    {file = "zipp-0.5.1-py2.py3-none-any.whl", hash = "sha256:8c1019c6aad13642199fbe458275ad6a84907634cc9f0989877ccc4a2840139d"},
    {file = "zipp-0.5.1.tar.gz", hash = "sha256:ca943a7e809cc12257001ccfb99e3563da9af99d52f261725e96dfe0f9275bc3"},
]
